// !$*UTF8*$!
{
	archiveVersion = 1;
	classes = {
	};
	objectVersion = 56;
	objects = {

/* Begin PBXBuildFile section */
		992423B5298C418300B9C8A6 /* FavoriteButton.swift in Sources */ = {isa = PBXBuildFile; fileRef = 992423B4298C418300B9C8A6 /* FavoriteButton.swift */; };
		992423B9298DE6F900B9C8A6 /* HexagonParameters.swift in Sources */ = {isa = PBXBuildFile; fileRef = 992423B8298DE6F900B9C8A6 /* HexagonParameters.swift */; };
		992423BB298DE8CA00B9C8A6 /* BadgeBackground.swift in Sources */ = {isa = PBXBuildFile; fileRef = 992423BA298DE8CA00B9C8A6 /* BadgeBackground.swift */; };
		994F6EC8298819BB00410351 /* PlacemarksApp.swift in Sources */ = {isa = PBXBuildFile; fileRef = 994F6EC7298819BB00410351 /* PlacemarksApp.swift */; };
		994F6ECA298819BB00410351 /* ContentView.swift in Sources */ = {isa = PBXBuildFile; fileRef = 994F6EC9298819BB00410351 /* ContentView.swift */; };
		994F6ECC298819BC00410351 /* Assets.xcassets in Resources */ = {isa = PBXBuildFile; fileRef = 994F6ECB298819BC00410351 /* Assets.xcassets */; };
		994F6ECF298819BC00410351 /* Preview Assets.xcassets in Resources */ = {isa = PBXBuildFile; fileRef = 994F6ECE298819BC00410351 /* Preview Assets.xcassets */; };
		994F6ED9298819BC00410351 /* PlacemarksTests.swift in Sources */ = {isa = PBXBuildFile; fileRef = 994F6ED8298819BC00410351 /* PlacemarksTests.swift */; };
		994F6EE3298819BC00410351 /* PlacemarksUITests.swift in Sources */ = {isa = PBXBuildFile; fileRef = 994F6EE2298819BC00410351 /* PlacemarksUITests.swift */; };
		994F6EE5298819BC00410351 /* PlacemarksUITestsLaunchTests.swift in Sources */ = {isa = PBXBuildFile; fileRef = 994F6EE4298819BC00410351 /* PlacemarksUITestsLaunchTests.swift */; };
		994F6EF22988201B00410351 /* CircleImage.swift in Sources */ = {isa = PBXBuildFile; fileRef = 994F6EF12988201B00410351 /* CircleImage.swift */; };
		994F6EF4298820F700410351 /* MapView.swift in Sources */ = {isa = PBXBuildFile; fileRef = 994F6EF3298820F700410351 /* MapView.swift */; };
		994F6EF62988259F00410351 /* landmarkData.json in Resources */ = {isa = PBXBuildFile; fileRef = 994F6EF52988259F00410351 /* landmarkData.json */; };
		994F6EF8298825BB00410351 /* Placemark.swift in Sources */ = {isa = PBXBuildFile; fileRef = 994F6EF7298825BB00410351 /* Placemark.swift */; };
		994F6EFA2988275600410351 /* ModelData.swift in Sources */ = {isa = PBXBuildFile; fileRef = 994F6EF92988275600410351 /* ModelData.swift */; };
		994F6EFF29884E1E00410351 /* PlacemarksRow.swift in Sources */ = {isa = PBXBuildFile; fileRef = 994F6EFE29884E1E00410351 /* PlacemarksRow.swift */; };
		994F6F0129895AC100410351 /* PlacemarkList.swift in Sources */ = {isa = PBXBuildFile; fileRef = 994F6F0029895AC100410351 /* PlacemarkList.swift */; };
		994F6F0329895DBD00410351 /* PlacemarkDetail.swift in Sources */ = {isa = PBXBuildFile; fileRef = 994F6F0229895DBD00410351 /* PlacemarkDetail.swift */; };
		99C254BA298EB8E0004313C1 /* BadgeSymbol.swift in Sources */ = {isa = PBXBuildFile; fileRef = 99C254B9298EB8E0004313C1 /* BadgeSymbol.swift */; };
		99C254BC298EBACA004313C1 /* RotatedBadgeSymbol.swift in Sources */ = {isa = PBXBuildFile; fileRef = 99C254BB298EBACA004313C1 /* RotatedBadgeSymbol.swift */; };
		99C254BE298FF671004313C1 /* Badge.swift in Sources */ = {isa = PBXBuildFile; fileRef = 99C254BD298FF671004313C1 /* Badge.swift */; };
		99C254C129916181004313C1 /* hikeData.json in Resources */ = {isa = PBXBuildFile; fileRef = 99C254C029916181004313C1 /* hikeData.json */; };
		99C254C3299161A5004313C1 /* Hike.swift in Sources */ = {isa = PBXBuildFile; fileRef = 99C254C2299161A5004313C1 /* Hike.swift */; };
		99C254CB299168EC004313C1 /* HikeGraph.swift in Sources */ = {isa = PBXBuildFile; fileRef = 99C254C7299168EC004313C1 /* HikeGraph.swift */; };
		99C254CC299168EC004313C1 /* GraphCapsule.swift in Sources */ = {isa = PBXBuildFile; fileRef = 99C254C8299168EC004313C1 /* GraphCapsule.swift */; };
		99C254CD299168EC004313C1 /* HikeDetail.swift in Sources */ = {isa = PBXBuildFile; fileRef = 99C254C9299168EC004313C1 /* HikeDetail.swift */; };
		99C254CE299168EC004313C1 /* HikeView.swift in Sources */ = {isa = PBXBuildFile; fileRef = 99C254CA299168EC004313C1 /* HikeView.swift */; };
		99C33DCF2993F40500BBF941 /* CategoryHome.swift in Sources */ = {isa = PBXBuildFile; fileRef = 99C33DCE2993F40500BBF941 /* CategoryHome.swift */; };
		99C33DD12993F71400BBF941 /* CategoryRow.swift in Sources */ = {isa = PBXBuildFile; fileRef = 99C33DD02993F71400BBF941 /* CategoryRow.swift */; };
		99C33DD32993F97D00BBF941 /* CategoryItem.swift in Sources */ = {isa = PBXBuildFile; fileRef = 99C33DD22993F97D00BBF941 /* CategoryItem.swift */; };
		99C33DD52995557A00BBF941 /* Profile.swift in Sources */ = {isa = PBXBuildFile; fileRef = 99C33DD42995557A00BBF941 /* Profile.swift */; };
		99C33DD82995564D00BBF941 /* ProfileHost.swift in Sources */ = {isa = PBXBuildFile; fileRef = 99C33DD72995564D00BBF941 /* ProfileHost.swift */; };
		99C33DDA2995597C00BBF941 /* ProfileSummary.swift in Sources */ = {isa = PBXBuildFile; fileRef = 99C33DD92995597C00BBF941 /* ProfileSummary.swift */; };
		99C33DDC299676FB00BBF941 /* HikeBadge.swift in Sources */ = {isa = PBXBuildFile; fileRef = 99C33DDB299676FB00BBF941 /* HikeBadge.swift */; };
		99C33DDE29967F1700BBF941 /* ProfileEditor.swift in Sources */ = {isa = PBXBuildFile; fileRef = 99C33DDD29967F1700BBF941 /* ProfileEditor.swift */; };
		99C33DE0299949BA00BBF941 /* PageViewController.swift in Sources */ = {isa = PBXBuildFile; fileRef = 99C33DDF299949BA00BBF941 /* PageViewController.swift */; };
		99C33DE229994EB600BBF941 /* FeatureCard.swift in Sources */ = {isa = PBXBuildFile; fileRef = 99C33DE129994EB600BBF941 /* FeatureCard.swift */; };
		99C33DE42999504C00BBF941 /* PageView.swift in Sources */ = {isa = PBXBuildFile; fileRef = 99C33DE32999504C00BBF941 /* PageView.swift */; };
		99C33DE629996A6A00BBF941 /* PageControl.swift in Sources */ = {isa = PBXBuildFile; fileRef = 99C33DE529996A6A00BBF941 /* PageControl.swift */; };
/* End PBXBuildFile section */

/* Begin PBXContainerItemProxy section */
		994F6ED5298819BC00410351 /* PBXContainerItemProxy */ = {
			isa = PBXContainerItemProxy;
			containerPortal = 994F6EBC298819BB00410351 /* Project object */;
			proxyType = 1;
			remoteGlobalIDString = 994F6EC3298819BB00410351;
			remoteInfo = Placemarks;
		};
		994F6EDF298819BC00410351 /* PBXContainerItemProxy */ = {
			isa = PBXContainerItemProxy;
			containerPortal = 994F6EBC298819BB00410351 /* Project object */;
			proxyType = 1;
			remoteGlobalIDString = 994F6EC3298819BB00410351;
			remoteInfo = Placemarks;
		};
/* End PBXContainerItemProxy section */

/* Begin PBXFileReference section */
		992423B4298C418300B9C8A6 /* FavoriteButton.swift */ = {isa = PBXFileReference; lastKnownFileType = sourcecode.swift; path = FavoriteButton.swift; sourceTree = "<group>"; };
		992423B8298DE6F900B9C8A6 /* HexagonParameters.swift */ = {isa = PBXFileReference; lastKnownFileType = sourcecode.swift; path = HexagonParameters.swift; sourceTree = "<group>"; };
		992423BA298DE8CA00B9C8A6 /* BadgeBackground.swift */ = {isa = PBXFileReference; lastKnownFileType = sourcecode.swift; path = BadgeBackground.swift; sourceTree = "<group>"; };
		994F6EC4298819BB00410351 /* Placemarks.app */ = {isa = PBXFileReference; explicitFileType = wrapper.application; includeInIndex = 0; path = Placemarks.app; sourceTree = BUILT_PRODUCTS_DIR; };
		994F6EC7298819BB00410351 /* PlacemarksApp.swift */ = {isa = PBXFileReference; lastKnownFileType = sourcecode.swift; path = PlacemarksApp.swift; sourceTree = "<group>"; };
		994F6EC9298819BB00410351 /* ContentView.swift */ = {isa = PBXFileReference; lastKnownFileType = sourcecode.swift; path = ContentView.swift; sourceTree = "<group>"; };
		994F6ECB298819BC00410351 /* Assets.xcassets */ = {isa = PBXFileReference; lastKnownFileType = folder.assetcatalog; path = Assets.xcassets; sourceTree = "<group>"; };
		994F6ECE298819BC00410351 /* Preview Assets.xcassets */ = {isa = PBXFileReference; lastKnownFileType = folder.assetcatalog; path = "Preview Assets.xcassets"; sourceTree = "<group>"; };
		994F6ED4298819BC00410351 /* PlacemarksTests.xctest */ = {isa = PBXFileReference; explicitFileType = wrapper.cfbundle; includeInIndex = 0; path = PlacemarksTests.xctest; sourceTree = BUILT_PRODUCTS_DIR; };
		994F6ED8298819BC00410351 /* PlacemarksTests.swift */ = {isa = PBXFileReference; lastKnownFileType = sourcecode.swift; path = PlacemarksTests.swift; sourceTree = "<group>"; };
		994F6EDE298819BC00410351 /* PlacemarksUITests.xctest */ = {isa = PBXFileReference; explicitFileType = wrapper.cfbundle; includeInIndex = 0; path = PlacemarksUITests.xctest; sourceTree = BUILT_PRODUCTS_DIR; };
		994F6EE2298819BC00410351 /* PlacemarksUITests.swift */ = {isa = PBXFileReference; lastKnownFileType = sourcecode.swift; path = PlacemarksUITests.swift; sourceTree = "<group>"; };
		994F6EE4298819BC00410351 /* PlacemarksUITestsLaunchTests.swift */ = {isa = PBXFileReference; lastKnownFileType = sourcecode.swift; path = PlacemarksUITestsLaunchTests.swift; sourceTree = "<group>"; };
		994F6EF12988201B00410351 /* CircleImage.swift */ = {isa = PBXFileReference; lastKnownFileType = sourcecode.swift; path = CircleImage.swift; sourceTree = "<group>"; };
		994F6EF3298820F700410351 /* MapView.swift */ = {isa = PBXFileReference; lastKnownFileType = sourcecode.swift; path = MapView.swift; sourceTree = "<group>"; };
		994F6EF52988259F00410351 /* landmarkData.json */ = {isa = PBXFileReference; fileEncoding = 4; lastKnownFileType = text.json; path = landmarkData.json; sourceTree = "<group>"; };
		994F6EF7298825BB00410351 /* Placemark.swift */ = {isa = PBXFileReference; lastKnownFileType = sourcecode.swift; path = Placemark.swift; sourceTree = "<group>"; };
		994F6EF92988275600410351 /* ModelData.swift */ = {isa = PBXFileReference; lastKnownFileType = sourcecode.swift; path = ModelData.swift; sourceTree = "<group>"; };
		994F6EFE29884E1E00410351 /* PlacemarksRow.swift */ = {isa = PBXFileReference; lastKnownFileType = sourcecode.swift; path = PlacemarksRow.swift; sourceTree = "<group>"; };
		994F6F0029895AC100410351 /* PlacemarkList.swift */ = {isa = PBXFileReference; lastKnownFileType = sourcecode.swift; path = PlacemarkList.swift; sourceTree = "<group>"; };
		994F6F0229895DBD00410351 /* PlacemarkDetail.swift */ = {isa = PBXFileReference; lastKnownFileType = sourcecode.swift; path = PlacemarkDetail.swift; sourceTree = "<group>"; };
		99C254B9298EB8E0004313C1 /* BadgeSymbol.swift */ = {isa = PBXFileReference; lastKnownFileType = sourcecode.swift; path = BadgeSymbol.swift; sourceTree = "<group>"; };
		99C254BB298EBACA004313C1 /* RotatedBadgeSymbol.swift */ = {isa = PBXFileReference; lastKnownFileType = sourcecode.swift; path = RotatedBadgeSymbol.swift; sourceTree = "<group>"; };
		99C254BD298FF671004313C1 /* Badge.swift */ = {isa = PBXFileReference; lastKnownFileType = sourcecode.swift; path = Badge.swift; sourceTree = "<group>"; };
		99C254C029916181004313C1 /* hikeData.json */ = {isa = PBXFileReference; fileEncoding = 4; lastKnownFileType = text.json; path = hikeData.json; sourceTree = "<group>"; };
		99C254C2299161A5004313C1 /* Hike.swift */ = {isa = PBXFileReference; lastKnownFileType = sourcecode.swift; path = Hike.swift; sourceTree = "<group>"; };
		99C254C7299168EC004313C1 /* HikeGraph.swift */ = {isa = PBXFileReference; fileEncoding = 4; lastKnownFileType = sourcecode.swift; path = HikeGraph.swift; sourceTree = "<group>"; };
		99C254C8299168EC004313C1 /* GraphCapsule.swift */ = {isa = PBXFileReference; fileEncoding = 4; lastKnownFileType = sourcecode.swift; path = GraphCapsule.swift; sourceTree = "<group>"; };
		99C254C9299168EC004313C1 /* HikeDetail.swift */ = {isa = PBXFileReference; fileEncoding = 4; lastKnownFileType = sourcecode.swift; path = HikeDetail.swift; sourceTree = "<group>"; };
		99C254CA299168EC004313C1 /* HikeView.swift */ = {isa = PBXFileReference; fileEncoding = 4; lastKnownFileType = sourcecode.swift; path = HikeView.swift; sourceTree = "<group>"; };
		99C33DCE2993F40500BBF941 /* CategoryHome.swift */ = {isa = PBXFileReference; lastKnownFileType = sourcecode.swift; path = CategoryHome.swift; sourceTree = "<group>"; };
		99C33DD02993F71400BBF941 /* CategoryRow.swift */ = {isa = PBXFileReference; lastKnownFileType = sourcecode.swift; path = CategoryRow.swift; sourceTree = "<group>"; };
		99C33DD22993F97D00BBF941 /* CategoryItem.swift */ = {isa = PBXFileReference; lastKnownFileType = sourcecode.swift; path = CategoryItem.swift; sourceTree = "<group>"; };
		99C33DD42995557A00BBF941 /* Profile.swift */ = {isa = PBXFileReference; lastKnownFileType = sourcecode.swift; path = Profile.swift; sourceTree = "<group>"; };
		99C33DD72995564D00BBF941 /* ProfileHost.swift */ = {isa = PBXFileReference; lastKnownFileType = sourcecode.swift; path = ProfileHost.swift; sourceTree = "<group>"; };
		99C33DD92995597C00BBF941 /* ProfileSummary.swift */ = {isa = PBXFileReference; lastKnownFileType = sourcecode.swift; path = ProfileSummary.swift; sourceTree = "<group>"; };
		99C33DDB299676FB00BBF941 /* HikeBadge.swift */ = {isa = PBXFileReference; lastKnownFileType = sourcecode.swift; path = HikeBadge.swift; sourceTree = "<group>"; };
		99C33DDD29967F1700BBF941 /* ProfileEditor.swift */ = {isa = PBXFileReference; lastKnownFileType = sourcecode.swift; path = ProfileEditor.swift; sourceTree = "<group>"; };
		99C33DDF299949BA00BBF941 /* PageViewController.swift */ = {isa = PBXFileReference; lastKnownFileType = sourcecode.swift; path = PageViewController.swift; sourceTree = "<group>"; };
		99C33DE129994EB600BBF941 /* FeatureCard.swift */ = {isa = PBXFileReference; lastKnownFileType = sourcecode.swift; path = FeatureCard.swift; sourceTree = "<group>"; };
		99C33DE32999504C00BBF941 /* PageView.swift */ = {isa = PBXFileReference; lastKnownFileType = sourcecode.swift; path = PageView.swift; sourceTree = "<group>"; };
		99C33DE529996A6A00BBF941 /* PageControl.swift */ = {isa = PBXFileReference; lastKnownFileType = sourcecode.swift; path = PageControl.swift; sourceTree = "<group>"; };
/* End PBXFileReference section */

/* Begin PBXFrameworksBuildPhase section */
		994F6EC1298819BB00410351 /* Frameworks */ = {
			isa = PBXFrameworksBuildPhase;
			buildActionMask = 2147483647;
			files = (
			);
			runOnlyForDeploymentPostprocessing = 0;
		};
		994F6ED1298819BC00410351 /* Frameworks */ = {
			isa = PBXFrameworksBuildPhase;
			buildActionMask = 2147483647;
			files = (
			);
			runOnlyForDeploymentPostprocessing = 0;
		};
		994F6EDB298819BC00410351 /* Frameworks */ = {
			isa = PBXFrameworksBuildPhase;
			buildActionMask = 2147483647;
			files = (
			);
			runOnlyForDeploymentPostprocessing = 0;
		};
/* End PBXFrameworksBuildPhase section */

/* Begin PBXGroup section */
		992423B6298C428400B9C8A6 /* Helpers */ = {
			isa = PBXGroup;
			children = (
				992423B4298C418300B9C8A6 /* FavoriteButton.swift */,
				994F6EF12988201B00410351 /* CircleImage.swift */,
				994F6EF3298820F700410351 /* MapView.swift */,
			);
			path = Helpers;
			sourceTree = "<group>";
		};
		992423B7298C429400B9C8A6 /* Placemarks */ = {
			isa = PBXGroup;
			children = (
				994F6F0029895AC100410351 /* PlacemarkList.swift */,
				994F6F0229895DBD00410351 /* PlacemarkDetail.swift */,
				994F6EFE29884E1E00410351 /* PlacemarksRow.swift */,
			);
			path = Placemarks;
			sourceTree = "<group>";
		};
		994F6EBB298819BB00410351 = {
			isa = PBXGroup;
			children = (
				994F6EC6298819BB00410351 /* Placemarks */,
				994F6ED7298819BC00410351 /* PlacemarksTests */,
				994F6EE1298819BC00410351 /* PlacemarksUITests */,
				994F6EC5298819BB00410351 /* Products */,
			);
			sourceTree = "<group>";
		};
		994F6EC5298819BB00410351 /* Products */ = {
			isa = PBXGroup;
			children = (
				994F6EC4298819BB00410351 /* Placemarks.app */,
				994F6ED4298819BC00410351 /* PlacemarksTests.xctest */,
				994F6EDE298819BC00410351 /* PlacemarksUITests.xctest */,
			);
			name = Products;
			sourceTree = "<group>";
		};
		994F6EC6298819BB00410351 /* Placemarks */ = {
			isa = PBXGroup;
			children = (
				994F6EFB298828B000410351 /* Resources */,
				994F6EFC298828BE00410351 /* Model */,
				994F6EFD298828D100410351 /* Views */,
				994F6ECB298819BC00410351 /* Assets.xcassets */,
				994F6EC7298819BB00410351 /* PlacemarksApp.swift */,
				994F6ECD298819BC00410351 /* Preview Content */,
			);
			path = Placemarks;
			sourceTree = "<group>";
		};
		994F6ECD298819BC00410351 /* Preview Content */ = {
			isa = PBXGroup;
			children = (
				994F6ECE298819BC00410351 /* Preview Assets.xcassets */,
			);
			path = "Preview Content";
			sourceTree = "<group>";
		};
		994F6ED7298819BC00410351 /* PlacemarksTests */ = {
			isa = PBXGroup;
			children = (
				994F6ED8298819BC00410351 /* PlacemarksTests.swift */,
			);
			path = PlacemarksTests;
			sourceTree = "<group>";
		};
		994F6EE1298819BC00410351 /* PlacemarksUITests */ = {
			isa = PBXGroup;
			children = (
				994F6EE2298819BC00410351 /* PlacemarksUITests.swift */,
				994F6EE4298819BC00410351 /* PlacemarksUITestsLaunchTests.swift */,
			);
			path = PlacemarksUITests;
			sourceTree = "<group>";
		};
		994F6EFB298828B000410351 /* Resources */ = {
			isa = PBXGroup;
			children = (
				994F6EF52988259F00410351 /* landmarkData.json */,
				99C254C029916181004313C1 /* hikeData.json */,
			);
			path = Resources;
			sourceTree = "<group>";
		};
		994F6EFC298828BE00410351 /* Model */ = {
			isa = PBXGroup;
			children = (
				994F6EF7298825BB00410351 /* Placemark.swift */,
				994F6EF92988275600410351 /* ModelData.swift */,
				99C254C2299161A5004313C1 /* Hike.swift */,
				99C33DD42995557A00BBF941 /* Profile.swift */,
			);
			path = Model;
			sourceTree = "<group>";
		};
		994F6EFD298828D100410351 /* Views */ = {
			isa = PBXGroup;
			children = (
				994F6EC9298819BB00410351 /* ContentView.swift */,
				99C33DDF299949BA00BBF941 /* PageViewController.swift */,
				99C33DE129994EB600BBF941 /* FeatureCard.swift */,
				99C33DE32999504C00BBF941 /* PageView.swift */,
				99C33DE529996A6A00BBF941 /* PageControl.swift */,
				99C33DD62995563D00BBF941 /* Profiles */,
				99C33DCD2993F3ED00BBF941 /* Categories */,
				99C254C6299168D1004313C1 /* Hikes */,
				99C254BF298FF7A7004313C1 /* Badge */,
				992423B6298C428400B9C8A6 /* Helpers */,
				992423B7298C429400B9C8A6 /* Placemarks */,
			);
			path = Views;
			sourceTree = "<group>";
		};
		99C254BF298FF7A7004313C1 /* Badge */ = {
			isa = PBXGroup;
			children = (
				992423B8298DE6F900B9C8A6 /* HexagonParameters.swift */,
				992423BA298DE8CA00B9C8A6 /* BadgeBackground.swift */,
				99C254B9298EB8E0004313C1 /* BadgeSymbol.swift */,
				99C254BB298EBACA004313C1 /* RotatedBadgeSymbol.swift */,
				99C254BD298FF671004313C1 /* Badge.swift */,
			);
			path = Badge;
			sourceTree = "<group>";
		};
		99C254C6299168D1004313C1 /* Hikes */ = {
			isa = PBXGroup;
			children = (
				99C254C8299168EC004313C1 /* GraphCapsule.swift */,
				99C33DDB299676FB00BBF941 /* HikeBadge.swift */,
				99C254C9299168EC004313C1 /* HikeDetail.swift */,
				99C254C7299168EC004313C1 /* HikeGraph.swift */,
				99C254CA299168EC004313C1 /* HikeView.swift */,
			);
			path = Hikes;
			sourceTree = "<group>";
		};
		99C33DCD2993F3ED00BBF941 /* Categories */ = {
			isa = PBXGroup;
			children = (
				99C33DCE2993F40500BBF941 /* CategoryHome.swift */,
				99C33DD02993F71400BBF941 /* CategoryRow.swift */,
				99C33DD22993F97D00BBF941 /* CategoryItem.swift */,
			);
			path = Categories;
			sourceTree = "<group>";
		};
		99C33DD62995563D00BBF941 /* Profiles */ = {
			isa = PBXGroup;
			children = (
				99C33DD72995564D00BBF941 /* ProfileHost.swift */,
				99C33DDD29967F1700BBF941 /* ProfileEditor.swift */,
				99C33DD92995597C00BBF941 /* ProfileSummary.swift */,
			);
			path = Profiles;
			sourceTree = "<group>";
		};
/* End PBXGroup section */

/* Begin PBXNativeTarget section */
		994F6EC3298819BB00410351 /* Placemarks */ = {
			isa = PBXNativeTarget;
			buildConfigurationList = 994F6EE8298819BC00410351 /* Build configuration list for PBXNativeTarget "Placemarks" */;
			buildPhases = (
				994F6EC0298819BB00410351 /* Sources */,
				994F6EC1298819BB00410351 /* Frameworks */,
				994F6EC2298819BB00410351 /* Resources */,
			);
			buildRules = (
			);
			dependencies = (
			);
			name = Placemarks;
			productName = Placemarks;
			productReference = 994F6EC4298819BB00410351 /* Placemarks.app */;
			productType = "com.apple.product-type.application";
		};
		994F6ED3298819BC00410351 /* PlacemarksTests */ = {
			isa = PBXNativeTarget;
			buildConfigurationList = 994F6EEB298819BC00410351 /* Build configuration list for PBXNativeTarget "PlacemarksTests" */;
			buildPhases = (
				994F6ED0298819BC00410351 /* Sources */,
				994F6ED1298819BC00410351 /* Frameworks */,
				994F6ED2298819BC00410351 /* Resources */,
			);
			buildRules = (
			);
			dependencies = (
				994F6ED6298819BC00410351 /* PBXTargetDependency */,
			);
			name = PlacemarksTests;
			productName = PlacemarksTests;
			productReference = 994F6ED4298819BC00410351 /* PlacemarksTests.xctest */;
			productType = "com.apple.product-type.bundle.unit-test";
		};
		994F6EDD298819BC00410351 /* PlacemarksUITests */ = {
			isa = PBXNativeTarget;
			buildConfigurationList = 994F6EEE298819BC00410351 /* Build configuration list for PBXNativeTarget "PlacemarksUITests" */;
			buildPhases = (
				994F6EDA298819BC00410351 /* Sources */,
				994F6EDB298819BC00410351 /* Frameworks */,
				994F6EDC298819BC00410351 /* Resources */,
			);
			buildRules = (
			);
			dependencies = (
				994F6EE0298819BC00410351 /* PBXTargetDependency */,
			);
			name = PlacemarksUITests;
			productName = PlacemarksUITests;
			productReference = 994F6EDE298819BC00410351 /* PlacemarksUITests.xctest */;
			productType = "com.apple.product-type.bundle.ui-testing";
		};
/* End PBXNativeTarget section */

/* Begin PBXProject section */
		994F6EBC298819BB00410351 /* Project object */ = {
			isa = PBXProject;
			attributes = {
				BuildIndependentTargetsInParallel = 1;
				LastSwiftUpdateCheck = 1420;
				LastUpgradeCheck = 1420;
				TargetAttributes = {
					994F6EC3298819BB00410351 = {
						CreatedOnToolsVersion = 14.2;
					};
					994F6ED3298819BC00410351 = {
						CreatedOnToolsVersion = 14.2;
						TestTargetID = 994F6EC3298819BB00410351;
					};
					994F6EDD298819BC00410351 = {
						CreatedOnToolsVersion = 14.2;
						TestTargetID = 994F6EC3298819BB00410351;
					};
				};
			};
			buildConfigurationList = 994F6EBF298819BB00410351 /* Build configuration list for PBXProject "Placemarks" */;
			compatibilityVersion = "Xcode 14.0";
			developmentRegion = en;
			hasScannedForEncodings = 0;
			knownRegions = (
				en,
				Base,
			);
			mainGroup = 994F6EBB298819BB00410351;
			productRefGroup = 994F6EC5298819BB00410351 /* Products */;
			projectDirPath = "";
			projectRoot = "";
			targets = (
				994F6EC3298819BB00410351 /* Placemarks */,
				994F6ED3298819BC00410351 /* PlacemarksTests */,
				994F6EDD298819BC00410351 /* PlacemarksUITests */,
			);
		};
/* End PBXProject section */

/* Begin PBXResourcesBuildPhase section */
		994F6EC2298819BB00410351 /* Resources */ = {
			isa = PBXResourcesBuildPhase;
			buildActionMask = 2147483647;
			files = (
				99C254C129916181004313C1 /* hikeData.json in Resources */,
				994F6ECF298819BC00410351 /* Preview Assets.xcassets in Resources */,
				994F6ECC298819BC00410351 /* Assets.xcassets in Resources */,
				994F6EF62988259F00410351 /* landmarkData.json in Resources */,
			);
			runOnlyForDeploymentPostprocessing = 0;
		};
		994F6ED2298819BC00410351 /* Resources */ = {
			isa = PBXResourcesBuildPhase;
			buildActionMask = 2147483647;
			files = (
			);
			runOnlyForDeploymentPostprocessing = 0;
		};
		994F6EDC298819BC00410351 /* Resources */ = {
			isa = PBXResourcesBuildPhase;
			buildActionMask = 2147483647;
			files = (
			);
			runOnlyForDeploymentPostprocessing = 0;
		};
/* End PBXResourcesBuildPhase section */

/* Begin PBXSourcesBuildPhase section */
		994F6EC0298819BB00410351 /* Sources */ = {
			isa = PBXSourcesBuildPhase;
			buildActionMask = 2147483647;
			files = (
				99C33DD12993F71400BBF941 /* CategoryRow.swift in Sources */,
				99C33DD52995557A00BBF941 /* Profile.swift in Sources */,
				994F6ECA298819BB00410351 /* ContentView.swift in Sources */,
				99C33DCF2993F40500BBF941 /* CategoryHome.swift in Sources */,
				99C33DE229994EB600BBF941 /* FeatureCard.swift in Sources */,
				99C254BE298FF671004313C1 /* Badge.swift in Sources */,
				994F6EF4298820F700410351 /* MapView.swift in Sources */,
				994F6F0129895AC100410351 /* PlacemarkList.swift in Sources */,
				992423B5298C418300B9C8A6 /* FavoriteButton.swift in Sources */,
				992423B9298DE6F900B9C8A6 /* HexagonParameters.swift in Sources */,
				99C33DE629996A6A00BBF941 /* PageControl.swift in Sources */,
				99C254C3299161A5004313C1 /* Hike.swift in Sources */,
				99C33DD32993F97D00BBF941 /* CategoryItem.swift in Sources */,
				99C254CD299168EC004313C1 /* HikeDetail.swift in Sources */,
				99C33DDA2995597C00BBF941 /* ProfileSummary.swift in Sources */,
				99C254BC298EBACA004313C1 /* RotatedBadgeSymbol.swift in Sources */,
				99C33DD82995564D00BBF941 /* ProfileHost.swift in Sources */,
				99C254BA298EB8E0004313C1 /* BadgeSymbol.swift in Sources */,
				994F6EC8298819BB00410351 /* PlacemarksApp.swift in Sources */,
				99C33DE42999504C00BBF941 /* PageView.swift in Sources */,
				994F6EFF29884E1E00410351 /* PlacemarksRow.swift in Sources */,
				99C33DDE29967F1700BBF941 /* ProfileEditor.swift in Sources */,
				992423BB298DE8CA00B9C8A6 /* BadgeBackground.swift in Sources */,
				99C254CE299168EC004313C1 /* HikeView.swift in Sources */,
				994F6EF22988201B00410351 /* CircleImage.swift in Sources */,
				99C33DE0299949BA00BBF941 /* PageViewController.swift in Sources */,
				994F6EF8298825BB00410351 /* Placemark.swift in Sources */,
				99C33DDC299676FB00BBF941 /* HikeBadge.swift in Sources */,
				99C254CC299168EC004313C1 /* GraphCapsule.swift in Sources */,
				994F6F0329895DBD00410351 /* PlacemarkDetail.swift in Sources */,
				994F6EFA2988275600410351 /* ModelData.swift in Sources */,
				99C254CB299168EC004313C1 /* HikeGraph.swift in Sources */,
			);
			runOnlyForDeploymentPostprocessing = 0;
		};
		994F6ED0298819BC00410351 /* Sources */ = {
			isa = PBXSourcesBuildPhase;
			buildActionMask = 2147483647;
			files = (
				994F6ED9298819BC00410351 /* PlacemarksTests.swift in Sources */,
			);
			runOnlyForDeploymentPostprocessing = 0;
		};
		994F6EDA298819BC00410351 /* Sources */ = {
			isa = PBXSourcesBuildPhase;
			buildActionMask = 2147483647;
			files = (
				994F6EE3298819BC00410351 /* PlacemarksUITests.swift in Sources */,
				994F6EE5298819BC00410351 /* PlacemarksUITestsLaunchTests.swift in Sources */,
			);
			runOnlyForDeploymentPostprocessing = 0;
		};
/* End PBXSourcesBuildPhase section */

/* Begin PBXTargetDependency section */
		994F6ED6298819BC00410351 /* PBXTargetDependency */ = {
			isa = PBXTargetDependency;
			target = 994F6EC3298819BB00410351 /* Placemarks */;
			targetProxy = 994F6ED5298819BC00410351 /* PBXContainerItemProxy */;
		};
		994F6EE0298819BC00410351 /* PBXTargetDependency */ = {
			isa = PBXTargetDependency;
			target = 994F6EC3298819BB00410351 /* Placemarks */;
			targetProxy = 994F6EDF298819BC00410351 /* PBXContainerItemProxy */;
		};
/* End PBXTargetDependency section */

/* Begin XCBuildConfiguration section */
		994F6EE6298819BC00410351 /* Debug */ = {
			isa = XCBuildConfiguration;
			buildSettings = {
				ALWAYS_SEARCH_USER_PATHS = NO;
				CLANG_ANALYZER_NONNULL = YES;
				CLANG_ANALYZER_NUMBER_OBJECT_CONVERSION = YES_AGGRESSIVE;
				CLANG_CXX_LANGUAGE_STANDARD = "gnu++20";
				CLANG_ENABLE_MODULES = YES;
				CLANG_ENABLE_OBJC_ARC = YES;
				CLANG_ENABLE_OBJC_WEAK = YES;
				CLANG_WARN_BLOCK_CAPTURE_AUTORELEASING = YES;
				CLANG_WARN_BOOL_CONVERSION = YES;
				CLANG_WARN_COMMA = YES;
				CLANG_WARN_CONSTANT_CONVERSION = YES;
				CLANG_WARN_DEPRECATED_OBJC_IMPLEMENTATIONS = YES;
				CLANG_WARN_DIRECT_OBJC_ISA_USAGE = YES_ERROR;
				CLANG_WARN_DOCUMENTATION_COMMENTS = YES;
				CLANG_WARN_EMPTY_BODY = YES;
				CLANG_WARN_ENUM_CONVERSION = YES;
				CLANG_WARN_INFINITE_RECURSION = YES;
				CLANG_WARN_INT_CONVERSION = YES;
				CLANG_WARN_NON_LITERAL_NULL_CONVERSION = YES;
				CLANG_WARN_OBJC_IMPLICIT_RETAIN_SELF = YES;
				CLANG_WARN_OBJC_LITERAL_CONVERSION = YES;
				CLANG_WARN_OBJC_ROOT_CLASS = YES_ERROR;
				CLANG_WARN_QUOTED_INCLUDE_IN_FRAMEWORK_HEADER = YES;
				CLANG_WARN_RANGE_LOOP_ANALYSIS = YES;
				CLANG_WARN_STRICT_PROTOTYPES = YES;
				CLANG_WARN_SUSPICIOUS_MOVE = YES;
				CLANG_WARN_UNGUARDED_AVAILABILITY = YES_AGGRESSIVE;
				CLANG_WARN_UNREACHABLE_CODE = YES;
				CLANG_WARN__DUPLICATE_METHOD_MATCH = YES;
				COPY_PHASE_STRIP = NO;
				DEBUG_INFORMATION_FORMAT = dwarf;
				ENABLE_STRICT_OBJC_MSGSEND = YES;
				ENABLE_TESTABILITY = YES;
				GCC_C_LANGUAGE_STANDARD = gnu11;
				GCC_DYNAMIC_NO_PIC = NO;
				GCC_NO_COMMON_BLOCKS = YES;
				GCC_OPTIMIZATION_LEVEL = 0;
				GCC_PREPROCESSOR_DEFINITIONS = (
					"DEBUG=1",
					"$(inherited)",
				);
				GCC_WARN_64_TO_32_BIT_CONVERSION = YES;
				GCC_WARN_ABOUT_RETURN_TYPE = YES_ERROR;
				GCC_WARN_UNDECLARED_SELECTOR = YES;
				GCC_WARN_UNINITIALIZED_AUTOS = YES_AGGRESSIVE;
				GCC_WARN_UNUSED_FUNCTION = YES;
				GCC_WARN_UNUSED_VARIABLE = YES;
				IPHONEOS_DEPLOYMENT_TARGET = 16.2;
				MTL_ENABLE_DEBUG_INFO = INCLUDE_SOURCE;
				MTL_FAST_MATH = YES;
				ONLY_ACTIVE_ARCH = YES;
				SDKROOT = iphoneos;
				SWIFT_ACTIVE_COMPILATION_CONDITIONS = DEBUG;
				SWIFT_OPTIMIZATION_LEVEL = "-Onone";
			};
			name = Debug;
		};
		994F6EE7298819BC00410351 /* Release */ = {
			isa = XCBuildConfiguration;
			buildSettings = {
				ALWAYS_SEARCH_USER_PATHS = NO;
				CLANG_ANALYZER_NONNULL = YES;
				CLANG_ANALYZER_NUMBER_OBJECT_CONVERSION = YES_AGGRESSIVE;
				CLANG_CXX_LANGUAGE_STANDARD = "gnu++20";
				CLANG_ENABLE_MODULES = YES;
				CLANG_ENABLE_OBJC_ARC = YES;
				CLANG_ENABLE_OBJC_WEAK = YES;
				CLANG_WARN_BLOCK_CAPTURE_AUTORELEASING = YES;
				CLANG_WARN_BOOL_CONVERSION = YES;
				CLANG_WARN_COMMA = YES;
				CLANG_WARN_CONSTANT_CONVERSION = YES;
				CLANG_WARN_DEPRECATED_OBJC_IMPLEMENTATIONS = YES;
				CLANG_WARN_DIRECT_OBJC_ISA_USAGE = YES_ERROR;
				CLANG_WARN_DOCUMENTATION_COMMENTS = YES;
				CLANG_WARN_EMPTY_BODY = YES;
				CLANG_WARN_ENUM_CONVERSION = YES;
				CLANG_WARN_INFINITE_RECURSION = YES;
				CLANG_WARN_INT_CONVERSION = YES;
				CLANG_WARN_NON_LITERAL_NULL_CONVERSION = YES;
				CLANG_WARN_OBJC_IMPLICIT_RETAIN_SELF = YES;
				CLANG_WARN_OBJC_LITERAL_CONVERSION = YES;
				CLANG_WARN_OBJC_ROOT_CLASS = YES_ERROR;
				CLANG_WARN_QUOTED_INCLUDE_IN_FRAMEWORK_HEADER = YES;
				CLANG_WARN_RANGE_LOOP_ANALYSIS = YES;
				CLANG_WARN_STRICT_PROTOTYPES = YES;
				CLANG_WARN_SUSPICIOUS_MOVE = YES;
				CLANG_WARN_UNGUARDED_AVAILABILITY = YES_AGGRESSIVE;
				CLANG_WARN_UNREACHABLE_CODE = YES;
				CLANG_WARN__DUPLICATE_METHOD_MATCH = YES;
				COPY_PHASE_STRIP = NO;
				DEBUG_INFORMATION_FORMAT = "dwarf-with-dsym";
				ENABLE_NS_ASSERTIONS = NO;
				ENABLE_STRICT_OBJC_MSGSEND = YES;
				GCC_C_LANGUAGE_STANDARD = gnu11;
				GCC_NO_COMMON_BLOCKS = YES;
				GCC_WARN_64_TO_32_BIT_CONVERSION = YES;
				GCC_WARN_ABOUT_RETURN_TYPE = YES_ERROR;
				GCC_WARN_UNDECLARED_SELECTOR = YES;
				GCC_WARN_UNINITIALIZED_AUTOS = YES_AGGRESSIVE;
				GCC_WARN_UNUSED_FUNCTION = YES;
				GCC_WARN_UNUSED_VARIABLE = YES;
				IPHONEOS_DEPLOYMENT_TARGET = 16.2;
				MTL_ENABLE_DEBUG_INFO = NO;
				MTL_FAST_MATH = YES;
				SDKROOT = iphoneos;
				SWIFT_COMPILATION_MODE = wholemodule;
				SWIFT_OPTIMIZATION_LEVEL = "-O";
				VALIDATE_PRODUCT = YES;
			};
			name = Release;
		};
		994F6EE9298819BC00410351 /* Debug */ = {
			isa = XCBuildConfiguration;
			buildSettings = {
				ASSETCATALOG_COMPILER_APPICON_NAME = AppIcon;
				ASSETCATALOG_COMPILER_GLOBAL_ACCENT_COLOR_NAME = AccentColor;
				CODE_SIGN_STYLE = Automatic;
				CURRENT_PROJECT_VERSION = 1;
				DEVELOPMENT_ASSET_PATHS = "\"Placemarks/Preview Content\"";
				DEVELOPMENT_TEAM = 5Q3CLN5Y6Q;
				ENABLE_PREVIEWS = YES;
				GENERATE_INFOPLIST_FILE = YES;
				INFOPLIST_KEY_UIApplicationSceneManifest_Generation = YES;
				INFOPLIST_KEY_UIApplicationSupportsIndirectInputEvents = YES;
				INFOPLIST_KEY_UILaunchScreen_Generation = YES;
				INFOPLIST_KEY_UISupportedInterfaceOrientations_iPad = "UIInterfaceOrientationPortrait UIInterfaceOrientationPortraitUpsideDown UIInterfaceOrientationLandscapeLeft UIInterfaceOrientationLandscapeRight";
				INFOPLIST_KEY_UISupportedInterfaceOrientations_iPhone = "UIInterfaceOrientationPortrait UIInterfaceOrientationLandscapeLeft UIInterfaceOrientationLandscapeRight";
				LD_RUNPATH_SEARCH_PATHS = (
					"$(inherited)",
					"@executable_path/Frameworks",
				);
				MARKETING_VERSION = 1.0;
				PRODUCT_BUNDLE_IDENTIFIER = FullMetalFistApps.Placemarks;
				PRODUCT_NAME = "$(TARGET_NAME)";
				SWIFT_EMIT_LOC_STRINGS = YES;
				SWIFT_VERSION = 5.0;
				TARGETED_DEVICE_FAMILY = "1,2";
			};
			name = Debug;
		};
		994F6EEA298819BC00410351 /* Release */ = {
			isa = XCBuildConfiguration;
			buildSettings = {
				ASSETCATALOG_COMPILER_APPICON_NAME = AppIcon;
				ASSETCATALOG_COMPILER_GLOBAL_ACCENT_COLOR_NAME = AccentColor;
				CODE_SIGN_STYLE = Automatic;
				CURRENT_PROJECT_VERSION = 1;
				DEVELOPMENT_ASSET_PATHS = "\"Placemarks/Preview Content\"";
				DEVELOPMENT_TEAM = 5Q3CLN5Y6Q;
				ENABLE_PREVIEWS = YES;
				GENERATE_INFOPLIST_FILE = YES;
				INFOPLIST_KEY_UIApplicationSceneManifest_Generation = YES;
				INFOPLIST_KEY_UIApplicationSupportsIndirectInputEvents = YES;
				INFOPLIST_KEY_UILaunchScreen_Generation = YES;
				INFOPLIST_KEY_UISupportedInterfaceOrientations_iPad = "UIInterfaceOrientationPortrait UIInterfaceOrientationPortraitUpsideDown UIInterfaceOrientationLandscapeLeft UIInterfaceOrientationLandscapeRight";
				INFOPLIST_KEY_UISupportedInterfaceOrientations_iPhone = "UIInterfaceOrientationPortrait UIInterfaceOrientationLandscapeLeft UIInterfaceOrientationLandscapeRight";
				LD_RUNPATH_SEARCH_PATHS = (
					"$(inherited)",
					"@executable_path/Frameworks",
				);
				MARKETING_VERSION = 1.0;
				PRODUCT_BUNDLE_IDENTIFIER = FullMetalFistApps.Placemarks;
				PRODUCT_NAME = "$(TARGET_NAME)";
				SWIFT_EMIT_LOC_STRINGS = YES;
				SWIFT_VERSION = 5.0;
				TARGETED_DEVICE_FAMILY = "1,2";
			};
			name = Release;
		};
		994F6EEC298819BC00410351 /* Debug */ = {
			isa = XCBuildConfiguration;
			buildSettings = {
				ALWAYS_EMBED_SWIFT_STANDARD_LIBRARIES = YES;
				BUNDLE_LOADER = "$(TEST_HOST)";
				CODE_SIGN_STYLE = Automatic;
				CURRENT_PROJECT_VERSION = 1;
				DEVELOPMENT_TEAM = 5Q3CLN5Y6Q;
				GENERATE_INFOPLIST_FILE = YES;
				IPHONEOS_DEPLOYMENT_TARGET = 16.2;
				MARKETING_VERSION = 1.0;
				PRODUCT_BUNDLE_IDENTIFIER = FullMetalFistApps.PlacemarksTests;
				PRODUCT_NAME = "$(TARGET_NAME)";
				SWIFT_EMIT_LOC_STRINGS = NO;
				SWIFT_VERSION = 5.0;
				TARGETED_DEVICE_FAMILY = "1,2";
				TEST_HOST = "$(BUILT_PRODUCTS_DIR)/Placemarks.app/$(BUNDLE_EXECUTABLE_FOLDER_PATH)/Placemarks";
			};
			name = Debug;
		};
		994F6EED298819BC00410351 /* Release */ = {
			isa = XCBuildConfiguration;
			buildSettings = {
				ALWAYS_EMBED_SWIFT_STANDARD_LIBRARIES = YES;
				BUNDLE_LOADER = "$(TEST_HOST)";
				CODE_SIGN_STYLE = Automatic;
				CURRENT_PROJECT_VERSION = 1;
				DEVELOPMENT_TEAM = 5Q3CLN5Y6Q;
				GENERATE_INFOPLIST_FILE = YES;
				IPHONEOS_DEPLOYMENT_TARGET = 16.2;
				MARKETING_VERSION = 1.0;
				PRODUCT_BUNDLE_IDENTIFIER = FullMetalFistApps.PlacemarksTests;
				PRODUCT_NAME = "$(TARGET_NAME)";
				SWIFT_EMIT_LOC_STRINGS = NO;
				SWIFT_VERSION = 5.0;
				TARGETED_DEVICE_FAMILY = "1,2";
				TEST_HOST = "$(BUILT_PRODUCTS_DIR)/Placemarks.app/$(BUNDLE_EXECUTABLE_FOLDER_PATH)/Placemarks";
			};
			name = Release;
		};
		994F6EEF298819BC00410351 /* Debug */ = {
			isa = XCBuildConfiguration;
			buildSettings = {
				ALWAYS_EMBED_SWIFT_STANDARD_LIBRARIES = YES;
				CODE_SIGN_STYLE = Automatic;
				CURRENT_PROJECT_VERSION = 1;
				DEVELOPMENT_TEAM = 5Q3CLN5Y6Q;
				GENERATE_INFOPLIST_FILE = YES;
				MARKETING_VERSION = 1.0;
				PRODUCT_BUNDLE_IDENTIFIER = FullMetalFistApps.PlacemarksUITests;
				PRODUCT_NAME = "$(TARGET_NAME)";
				SWIFT_EMIT_LOC_STRINGS = NO;
				SWIFT_VERSION = 5.0;
				TARGETED_DEVICE_FAMILY = "1,2";
				TEST_TARGET_NAME = Placemarks;
			};
			name = Debug;
		};
		994F6EF0298819BC00410351 /* Release */ = {
			isa = XCBuildConfiguration;
			buildSettings = {
				ALWAYS_EMBED_SWIFT_STANDARD_LIBRARIES = YES;
				CODE_SIGN_STYLE = Automatic;
				CURRENT_PROJECT_VERSION = 1;
				DEVELOPMENT_TEAM = 5Q3CLN5Y6Q;
				GENERATE_INFOPLIST_FILE = YES;
				MARKETING_VERSION = 1.0;
				PRODUCT_BUNDLE_IDENTIFIER = FullMetalFistApps.PlacemarksUITests;
				PRODUCT_NAME = "$(TARGET_NAME)";
				SWIFT_EMIT_LOC_STRINGS = NO;
				SWIFT_VERSION = 5.0;
				TARGETED_DEVICE_FAMILY = "1,2";
				TEST_TARGET_NAME = Placemarks;
			};
			name = Release;
		};
/* End XCBuildConfiguration section */

/* Begin XCConfigurationList section */
		994F6EBF298819BB00410351 /* Build configuration list for PBXProject "Placemarks" */ = {
			isa = XCConfigurationList;
			buildConfigurations = (
				994F6EE6298819BC00410351 /* Debug */,
				994F6EE7298819BC00410351 /* Release */,
			);
			defaultConfigurationIsVisible = 0;
			defaultConfigurationName = Release;
		};
		994F6EE8298819BC00410351 /* Build configuration list for PBXNativeTarget "Placemarks" */ = {
			isa = XCConfigurationList;
			buildConfigurations = (
				994F6EE9298819BC00410351 /* Debug */,
				994F6EEA298819BC00410351 /* Release */,
			);
			defaultConfigurationIsVisible = 0;
			defaultConfigurationName = Release;
		};
		994F6EEB298819BC00410351 /* Build configuration list for PBXNativeTarget "PlacemarksTests" */ = {
			isa = XCConfigurationList;
			buildConfigurations = (
				994F6EEC298819BC00410351 /* Debug */,
				994F6EED298819BC00410351 /* Release */,
			);
			defaultConfigurationIsVisible = 0;
			defaultConfigurationName = Release;
		};
		994F6EEE298819BC00410351 /* Build configuration list for PBXNativeTarget "PlacemarksUITests" */ = {
			isa = XCConfigurationList;
			buildConfigurations = (
				994F6EEF298819BC00410351 /* Debug */,
				994F6EF0298819BC00410351 /* Release */,
			);
			defaultConfigurationIsVisible = 0;
			defaultConfigurationName = Release;
		};
/* End XCConfigurationList section */
	};
	rootObject = 994F6EBC298819BB00410351 /* Project object */;
}
